Microsoft Visual Studio Solution File, Format Version 12.00
# Visual Studio Version 17
VisualStudioVersion = 17.5.2.0
MinimumVisualStudioVersion = 10.0.40219.1
Project("{FAE04EC0-301F-11D3-BF4B-00C04F79EFBC}") = "CarvedRockFitness", "CarvedRockFitness.csproj", "{FE25D0DA-939F-2CFF-D382-04B220FDF437}"
EndProject
Global
	GlobalSection(SolutionConfigurationPlatforms) = preSolution
		Debug|Any CPU = Debug|Any CPU
		Release|Any CPU = Release|Any CPU
	EndGlobalSection
	GlobalSection(ProjectConfigurationPlatforms) = postSolution
		{FE25D0DA-939F-2CFF-D382-04B220FDF437}.Debug|Any CPU.ActiveCfg = Debug|Any CPU
		{FE25D0DA-939F-2CFF-D382-04B220FDF437}.Debug|Any CPU.Build.0 = Debug|Any CPU
		{FE25D0DA-939F-2CFF-D382-04B220FDF437}.Release|Any CPU.ActiveCfg = Release|Any CPU
		{FE25D0DA-939F-2CFF-D382-04B220FDF437}.Release|Any CPU.Build.0 = Release|Any CPU
	EndGlobalSection
	GlobalSection(SolutionProperties) = preSolution
		HideSolutionNode = FALSE
	EndGlobalSection
	GlobalSection(ExtensibilityGlobals) = postSolution
		SolutionGuid = {F5F2BC4C-B09A-4F8E-BD65-77C1C1B29371}
	EndGlobalSection
EndGlobal
